
Microsoft Visual Studio Solution File, Format Version 12.00
# Visual Studio 15
Project("{FAE04EC0-301F-11D3-BF4B-00C04F79EFBC}") = "Assembly-CSharp", "Assembly-CSharp.csproj", "{6345B20F-5C3D-159D-BBBF-5C8376037C02}"
EndProject
Project("{FAE04EC0-301F-11D3-BF4B-00C04F79EFBC}") = "Assembly-CSharp-Editor", "Assembly-CSharp-Editor.csproj", "{7922569F-88E7-70A5-C5BB-5EADFDD4DAF5}"
EndProject
Global
	GlobalSection(SolutionConfigurationPlatforms) = preSolution
		Debug|Any CPU = Debug|Any CPU
		Release|Any CPU = Release|Any CPU
	EndGlobalSection
	GlobalSection(ProjectConfigurationPlatforms) = postSolution
		{6345B20F-5C3D-159D-BBBF-5C8376037C02}.Debug|Any CPU.ActiveCfg = Debug|Any CPU
		{6345B20F-5C3D-159D-BBBF-5C8376037C02}.Debug|Any CPU.Build.0 = Debug|Any CPU
		{6345B20F-5C3D-159D-BBBF-5C8376037C02}.Release|Any CPU.ActiveCfg = Release|Any CPU
		{6345B20F-5C3D-159D-BBBF-5C8376037C02}.Release|Any CPU.Build.0 = Release|Any CPU
		{7922569F-88E7-70A5-C5BB-5EADFDD4DAF5}.Debug|Any CPU.ActiveCfg = Debug|Any CPU
		{7922569F-88E7-70A5-C5BB-5EADFDD4DAF5}.Debug|Any CPU.Build.0 = Debug|Any CPU
		{7922569F-88E7-70A5-C5BB-5EADFDD4DAF5}.Release|Any CPU.ActiveCfg = Release|Any CPU
		{7922569F-88E7-70A5-C5BB-5EADFDD4DAF5}.Release|Any CPU.Build.0 = Release|Any CPU
	EndGlobalSection
	GlobalSection(SolutionProperties) = preSolution
		HideSolutionNode = FALSE
	EndGlobalSection
EndGlobal
